
Microsoft Visual Studio Solution File, Format Version 12.00
# Visual Studio Version 17
VisualStudioVersion = 17.4.33110.190
MinimumVisualStudioVersion = 10.0.40219.1
Project("{FAE04EC0-301F-11D3-BF4B-00C04F79EFBC}") = "Ecommerce.DAL", "Ecommerce.DAL.csproj", "{312F87ED-C124-4947-8E48-6896564F523D}"
EndProject
Project("{FAE04EC0-301F-11D3-BF4B-00C04F79EFBC}") = "Ecommerce.BLL", "..\Ecommerce.BLL\Ecommerce.BLL.csproj", "{3E42CB32-3B92-4EF5-A59C-DEEAD251C4F6}"
EndProject
Project("{FAE04EC0-301F-11D3-BF4B-00C04F79EFBC}") = "Ecommerce.PL", "..\Ecommerce.PL\Ecommerce.PL.csproj", "{AB5B3E55-0AA1-4A9A-A775-3D99D1AAAB87}"
EndProject
Global
	GlobalSection(SolutionConfigurationPlatforms) = preSolution
		Debug|Any CPU = Debug|Any CPU
		Release|Any CPU = Release|Any CPU
	EndGlobalSection
	GlobalSection(ProjectConfigurationPlatforms) = postSolution
		{312F87ED-C124-4947-8E48-6896564F523D}.Debug|Any CPU.ActiveCfg = Debug|Any CPU
		{312F87ED-C124-4947-8E48-6896564F523D}.Debug|Any CPU.Build.0 = Debug|Any CPU
		{312F87ED-C124-4947-8E48-6896564F523D}.Release|Any CPU.ActiveCfg = Release|Any CPU
		{312F87ED-C124-4947-8E48-6896564F523D}.Release|Any CPU.Build.0 = Release|Any CPU
		{3E42CB32-3B92-4EF5-A59C-DEEAD251C4F6}.Debug|Any CPU.ActiveCfg = Debug|Any CPU
		{3E42CB32-3B92-4EF5-A59C-DEEAD251C4F6}.Debug|Any CPU.Build.0 = Debug|Any CPU
		{3E42CB32-3B92-4EF5-A59C-DEEAD251C4F6}.Release|Any CPU.ActiveCfg = Release|Any CPU
		{3E42CB32-3B92-4EF5-A59C-DEEAD251C4F6}.Release|Any CPU.Build.0 = Release|Any CPU
		{AB5B3E55-0AA1-4A9A-A775-3D99D1AAAB87}.Debug|Any CPU.ActiveCfg = Debug|Any CPU
		{AB5B3E55-0AA1-4A9A-A775-3D99D1AAAB87}.Debug|Any CPU.Build.0 = Debug|Any CPU
		{AB5B3E55-0AA1-4A9A-A775-3D99D1AAAB87}.Release|Any CPU.ActiveCfg = Release|Any CPU
		{AB5B3E55-0AA1-4A9A-A775-3D99D1AAAB87}.Release|Any CPU.Build.0 = Release|Any CPU
	EndGlobalSection
	GlobalSection(SolutionProperties) = preSolution
		HideSolutionNode = FALSE
	EndGlobalSection
	GlobalSection(ExtensibilityGlobals) = postSolution
		SolutionGuid = {48EA192D-C9B0-4D40-A170-F76F77E0200C}
	EndGlobalSection
EndGlobal
